
Microsoft Visual Studio Solution File, Format Version 12.00
# Visual Studio Version 17
VisualStudioVersion = 17.9.34902.65
MinimumVisualStudioVersion = 10.0.40219.1
Project("{FAE04EC0-301F-11D3-BF4B-00C04F79EFBC}") = "ImageScale_WPF", "ImageScale_WPF.csproj", "{B3C82D29-944B-46FD-8FD7-9E0C072F07E4}"
EndProject
Global
	GlobalSection(SolutionConfigurationPlatforms) = preSolution
		Debug|Any CPU = Debug|Any CPU
		Release|Any CPU = Release|Any CPU
	EndGlobalSection
	GlobalSection(ProjectConfigurationPlatforms) = postSolution
		{B3C82D29-944B-46FD-8FD7-9E0C072F07E4}.Debug|Any CPU.ActiveCfg = Debug|Any CPU
		{B3C82D29-944B-46FD-8FD7-9E0C072F07E4}.Debug|Any CPU.Build.0 = Debug|Any CPU
		{B3C82D29-944B-46FD-8FD7-9E0C072F07E4}.Release|Any CPU.ActiveCfg = Release|Any CPU
		{B3C82D29-944B-46FD-8FD7-9E0C072F07E4}.Release|Any CPU.Build.0 = Release|Any CPU
	EndGlobalSection
	GlobalSection(SolutionProperties) = preSolution
		HideSolutionNode = FALSE
	EndGlobalSection
	GlobalSection(ExtensibilityGlobals) = postSolution
		SolutionGuid = {E14F1BB7-A0B9-4BA1-9160-E0495112BB53}
	EndGlobalSection
EndGlobal
